
Microsoft Visual Studio Solution File, Format Version 12.00
# Visual Studio 14
VisualStudioVersion = 14.0.25420.1
MinimumVisualStudioVersion = 10.0.40219.1
Project("{FAE04EC0-301F-11D3-BF4B-00C04F79EFBC}") = "apiDoc", "apiDoc\apiDoc.csproj", "{F439595C-22E6-4A43-8747-B1FD5E08BAAA}"
EndProject
Global
	GlobalSection(SolutionConfigurationPlatforms) = preSolution
		Debug|Any CPU = Debug|Any CPU
		Release|Any CPU = Release|Any CPU
	EndGlobalSection
	GlobalSection(ProjectConfigurationPlatforms) = postSolution
		{F439595C-22E6-4A43-8747-B1FD5E08BAAA}.Debug|Any CPU.ActiveCfg = Debug|Any CPU
		{F439595C-22E6-4A43-8747-B1FD5E08BAAA}.Debug|Any CPU.Build.0 = Debug|Any CPU
		{F439595C-22E6-4A43-8747-B1FD5E08BAAA}.Release|Any CPU.ActiveCfg = Release|Any CPU
		{F439595C-22E6-4A43-8747-B1FD5E08BAAA}.Release|Any CPU.Build.0 = Release|Any CPU
	EndGlobalSection
	GlobalSection(SolutionProperties) = preSolution
		HideSolutionNode = FALSE
	EndGlobalSection
EndGlobal
